
Microsoft Visual Studio Solution File, Format Version 12.00
# Visual Studio Version 16
VisualStudioVersion = 16.0.30309.148
MinimumVisualStudioVersion = 10.0.40219.1
Project("{9A19103F-16F7-4668-BE54-9A1E7A4F7556}") = "MyProject.Web", "MyProject.Web\MyProject.Web.csproj", "{12B1A118-FF2F-4502-AFFA-EDE6760DD78D}"
EndProject
Project("{9A19103F-16F7-4668-BE54-9A1E7A4F7556}") = "MyProject.Domain", "MyProject.Domain\MyProject.Domain.csproj", "{67FE22E0-94C6-4140-83F8-F8D7741510B2}"
EndProject
Global
	GlobalSection(SolutionConfigurationPlatforms) = preSolution
		Debug|Any CPU = Debug|Any CPU
		Release|Any CPU = Release|Any CPU
	EndGlobalSection
	GlobalSection(ProjectConfigurationPlatforms) = postSolution
		{12B1A118-FF2F-4502-AFFA-EDE6760DD78D}.Debug|Any CPU.ActiveCfg = Debug|Any CPU
		{12B1A118-FF2F-4502-AFFA-EDE6760DD78D}.Debug|Any CPU.Build.0 = Debug|Any CPU
		{12B1A118-FF2F-4502-AFFA-EDE6760DD78D}.Release|Any CPU.ActiveCfg = Release|Any CPU
		{12B1A118-FF2F-4502-AFFA-EDE6760DD78D}.Release|Any CPU.Build.0 = Release|Any CPU
		{67FE22E0-94C6-4140-83F8-F8D7741510B2}.Debug|Any CPU.ActiveCfg = Debug|Any CPU
		{67FE22E0-94C6-4140-83F8-F8D7741510B2}.Debug|Any CPU.Build.0 = Debug|Any CPU
		{67FE22E0-94C6-4140-83F8-F8D7741510B2}.Release|Any CPU.ActiveCfg = Release|Any CPU
		{67FE22E0-94C6-4140-83F8-F8D7741510B2}.Release|Any CPU.Build.0 = Release|Any CPU
	EndGlobalSection
	GlobalSection(SolutionProperties) = preSolution
		HideSolutionNode = FALSE
	EndGlobalSection
	GlobalSection(ExtensibilityGlobals) = postSolution
		SolutionGuid = {4E2FF86F-939E-470F-8051-5635AB235268}
	EndGlobalSection
EndGlobal
